// !$*UTF8*$!
{
	archiveVersion = 1;
	classes = {
	};
	objectVersion = 50;
	objects = {

/* Begin PBXBuildFile section */
		DA0D428425E6F41500C90705 /* TokenRequestTests.swift in Sources */ = {isa = PBXBuildFile; fileRef = DA0D428325E6F41500C90705 /* TokenRequestTests.swift */; };
		DA0D428A25E6F61600C90705 /* RemoteSearchArtistLoaderTests.swift in Sources */ = {isa = PBXBuildFile; fileRef = DA0D428925E6F61600C90705 /* RemoteSearchArtistLoaderTests.swift */; };
		DA0DD34825F139E900CFB922 /* AlbumsHeaderCollectionViewCell.swift in Sources */ = {isa = PBXBuildFile; fileRef = DA0DD34725F139E900CFB922 /* AlbumsHeaderCollectionViewCell.swift */; };
		DA0DD35825F18E5500CFB922 /* Dragable.swift in Sources */ = {isa = PBXBuildFile; fileRef = DA0DD35725F18E5500CFB922 /* Dragable.swift */; };
		DA11A9F525E7DF0200968460 /* SearchArtistViewModel.swift in Sources */ = {isa = PBXBuildFile; fileRef = DA11A9F425E7DF0200968460 /* SearchArtistViewModel.swift */; };
		DA11AA0F25E92C2600968460 /* CancellableTask.swift in Sources */ = {isa = PBXBuildFile; fileRef = DA11AA0E25E92C2600968460 /* CancellableTask.swift */; };
		DA18FB1625E9AD9E000E9656 /* LoadingTableViewCell.swift in Sources */ = {isa = PBXBuildFile; fileRef = DA18FB1525E9AD9E000E9656 /* LoadingTableViewCell.swift */; };
		DA18FB1C25EA235B000E9656 /* ErrorTableViewCell.swift in Sources */ = {isa = PBXBuildFile; fileRef = DA18FB1B25EA235B000E9656 /* ErrorTableViewCell.swift */; };
		DA18FB2625EA3049000E9656 /* UIComposer.swift in Sources */ = {isa = PBXBuildFile; fileRef = DA18FB2525EA3049000E9656 /* UIComposer.swift */; };
		DA18FB3925EA4ACB000E9656 /* ArtistDetailViewController.swift in Sources */ = {isa = PBXBuildFile; fileRef = DA18FB3825EA4ACB000E9656 /* ArtistDetailViewController.swift */; };
		DA18FB4B25EA5940000E9656 /* ArtistDetailViewModel.swift in Sources */ = {isa = PBXBuildFile; fileRef = DA18FB4A25EA5940000E9656 /* ArtistDetailViewModel.swift */; };
		DA18FB6F25EAB3D0000E9656 /* AlbumViewCell.swift in Sources */ = {isa = PBXBuildFile; fileRef = DA18FB6E25EAB3D0000E9656 /* AlbumViewCell.swift */; };
		DA2DBBB925EEE44D005103BB /* ArtistInfoCellViewModel.swift in Sources */ = {isa = PBXBuildFile; fileRef = DA2DBBB825EEE44D005103BB /* ArtistInfoCellViewModel.swift */; };
		DA2DBBBF25EEE48B005103BB /* AlbumsDatesFilterCellViewModel.swift in Sources */ = {isa = PBXBuildFile; fileRef = DA2DBBBE25EEE48B005103BB /* AlbumsDatesFilterCellViewModel.swift */; };
		DA2DBBC525EEE4B9005103BB /* AlbumCellViewModel.swift in Sources */ = {isa = PBXBuildFile; fileRef = DA2DBBC425EEE4B9005103BB /* AlbumCellViewModel.swift */; };
		DA2DBBCC25EF5DF4005103BB /* Observable.swift in Sources */ = {isa = PBXBuildFile; fileRef = DA2DBBCB25EF5DF4005103BB /* Observable.swift */; };
		DA2DBBD325EF5E68005103BB /* ImageStateObservable.swift in Sources */ = {isa = PBXBuildFile; fileRef = DA2DBBD225EF5E68005103BB /* ImageStateObservable.swift */; };
		DA32CE3F25EB766D00A294CC /* LoadingView.swift in Sources */ = {isa = PBXBuildFile; fileRef = DA32CE3E25EB766D00A294CC /* LoadingView.swift */; };
		DA32CE4525EB785400A294CC /* LoadingCollectionViewCell.swift in Sources */ = {isa = PBXBuildFile; fileRef = DA32CE4425EB785400A294CC /* LoadingCollectionViewCell.swift */; };
		DA32CE4F25EBA3B400A294CC /* ArtistDetailViewController+DragDrop.swift in Sources */ = {isa = PBXBuildFile; fileRef = DA32CE4E25EBA3B400A294CC /* ArtistDetailViewController+DragDrop.swift */; };
		DA32CE5525EBA4EA00A294CC /* ArtistDetailViewController+Layout.swift in Sources */ = {isa = PBXBuildFile; fileRef = DA32CE5425EBA4EA00A294CC /* ArtistDetailViewController+Layout.swift */; };
		DA32CE5C25EBA8F200A294CC /* RemoteAlbumsMapper.swift in Sources */ = {isa = PBXBuildFile; fileRef = DA32CE5B25EBA8F200A294CC /* RemoteAlbumsMapper.swift */; };
		DA32CE7025EBBC0600A294CC /* AlbumsLoader.swift in Sources */ = {isa = PBXBuildFile; fileRef = DA32CE6F25EBBC0600A294CC /* AlbumsLoader.swift */; };
		DA32CE7625EBBC4400A294CC /* RemoteAlbumsLoader.swift in Sources */ = {isa = PBXBuildFile; fileRef = DA32CE7525EBBC4400A294CC /* RemoteAlbumsLoader.swift */; };
		DA32CE8B25EBE2D000A294CC /* TestCollectionCell.swift in Sources */ = {isa = PBXBuildFile; fileRef = DA32CE8A25EBE2D000A294CC /* TestCollectionCell.swift */; };
		DA32CE9125EBEBFC00A294CC /* AlbumsDatesCollectionViewCell.swift in Sources */ = {isa = PBXBuildFile; fileRef = DA32CE9025EBEBFC00A294CC /* AlbumsDatesCollectionViewCell.swift */; };
		DA32CE9725EC0BC100A294CC /* DateFormatter+yyyyMMdd.swift in Sources */ = {isa = PBXBuildFile; fileRef = DA32CE9625EC0BC100A294CC /* DateFormatter+yyyyMMdd.swift */; };
		DA419AA325E685DA002B1782 /* ArtistBrowser.framework in Frameworks */ = {isa = PBXBuildFile; fileRef = DA419A9A25E685DA002B1782 /* ArtistBrowser.framework */; };
		DA419AAC25E685DA002B1782 /* ArtistBrowser.h in Headers */ = {isa = PBXBuildFile; fileRef = DA419A9C25E685DA002B1782 /* ArtistBrowser.h */; settings = {ATTRIBUTES = (Public, ); }; };
		DA419AAF25E685DA002B1782 /* ArtistBrowser.framework in Frameworks */ = {isa = PBXBuildFile; fileRef = DA419A9A25E685DA002B1782 /* ArtistBrowser.framework */; };
		DA419AB025E685DA002B1782 /* ArtistBrowser.framework in Embed Frameworks */ = {isa = PBXBuildFile; fileRef = DA419A9A25E685DA002B1782 /* ArtistBrowser.framework */; settings = {ATTRIBUTES = (CodeSignOnCopy, RemoveHeadersOnCopy, ); }; };
		DA419ABE25E68737002B1782 /* HTTPClient.swift in Sources */ = {isa = PBXBuildFile; fileRef = DA419ABD25E68737002B1782 /* HTTPClient.swift */; };
		DA419AC925E68792002B1782 /* URLSessionHTTPClient.swift in Sources */ = {isa = PBXBuildFile; fileRef = DA419AC825E68792002B1782 /* URLSessionHTTPClient.swift */; };
		DA419AD425E688A9002B1782 /* LoadTokenFromRemoteTests.swift in Sources */ = {isa = PBXBuildFile; fileRef = DA419AD325E688A9002B1782 /* LoadTokenFromRemoteTests.swift */; };
		DA419ADD25E691E4002B1782 /* search.json in Resources */ = {isa = PBXBuildFile; fileRef = DA419ADA25E691E4002B1782 /* search.json */; };
		DA419ADE25E691E4002B1782 /* token.json in Resources */ = {isa = PBXBuildFile; fileRef = DA419ADB25E691E4002B1782 /* token.json */; };
		DA419ADF25E691E4002B1782 /* albums.json in Resources */ = {isa = PBXBuildFile; fileRef = DA419ADC25E691E4002B1782 /* albums.json */; };
		DA43F15A25E9694100BC09DB /* ImageDataLoader.swift in Sources */ = {isa = PBXBuildFile; fileRef = DA43F15925E9694100BC09DB /* ImageDataLoader.swift */; };
		DA43F16125E96BE800BC09DB /* ArtistBrowser.storyboard in Resources */ = {isa = PBXBuildFile; fileRef = DA43F16025E96BE800BC09DB /* ArtistBrowser.storyboard */; };
		DA43F16925E96C4200BC09DB /* ArtistBrowserViewController.swift in Sources */ = {isa = PBXBuildFile; fileRef = DA43F16825E96C4200BC09DB /* ArtistBrowserViewController.swift */; };
		DA43F16F25E96DC900BC09DB /* ArtistSearchResultCell.swift in Sources */ = {isa = PBXBuildFile; fileRef = DA43F16E25E96DC900BC09DB /* ArtistSearchResultCell.swift */; };
		DA4536C525E2467A0051B93E /* AppDelegate.swift in Sources */ = {isa = PBXBuildFile; fileRef = DA4536C425E2467A0051B93E /* AppDelegate.swift */; };
		DA4536C725E2467A0051B93E /* SceneDelegate.swift in Sources */ = {isa = PBXBuildFile; fileRef = DA4536C625E2467A0051B93E /* SceneDelegate.swift */; };
		DA4536CE25E2467C0051B93E /* Assets.xcassets in Resources */ = {isa = PBXBuildFile; fileRef = DA4536CD25E2467C0051B93E /* Assets.xcassets */; };
		DA4536D125E2467C0051B93E /* LaunchScreen.storyboard in Resources */ = {isa = PBXBuildFile; fileRef = DA4536CF25E2467C0051B93E /* LaunchScreen.storyboard */; };
		DA4536DC25E2467C0051B93E /* lukasbahrle_iosTests.swift in Sources */ = {isa = PBXBuildFile; fileRef = DA4536DB25E2467C0051B93E /* lukasbahrle_iosTests.swift */; };
		DA4536E725E2467C0051B93E /* lukasbahrle_iosUITests.swift in Sources */ = {isa = PBXBuildFile; fileRef = DA4536E625E2467C0051B93E /* lukasbahrle_iosUITests.swift */; };
		DA4717D125E70DBE00A02AF5 /* RemoteSearchArtistLoader.swift in Sources */ = {isa = PBXBuildFile; fileRef = DA4717D025E70DBE00A02AF5 /* RemoteSearchArtistLoader.swift */; };
		DA4717DB25E70DFC00A02AF5 /* SearchArtistLoader.swift in Sources */ = {isa = PBXBuildFile; fileRef = DA4717DA25E70DFC00A02AF5 /* SearchArtistLoader.swift */; };
		DA4717E125E70E1900A02AF5 /* RemoteSearchArtistMapper.swift in Sources */ = {isa = PBXBuildFile; fileRef = DA4717E025E70E1900A02AF5 /* RemoteSearchArtistMapper.swift */; };
		DA563E8825E6BFB300A2FE44 /* RemoteTokenLoader.swift in Sources */ = {isa = PBXBuildFile; fileRef = DA563E8725E6BFB300A2FE44 /* RemoteTokenLoader.swift */; };
		DA563E9025E6C01000A2FE44 /* TokenLoader.swift in Sources */ = {isa = PBXBuildFile; fileRef = DA563E8F25E6C01000A2FE44 /* TokenLoader.swift */; };
		DA563E9625E6C06400A2FE44 /* RemoteTokenMapper.swift in Sources */ = {isa = PBXBuildFile; fileRef = DA563E9525E6C06400A2FE44 /* RemoteTokenMapper.swift */; };
		DA563E9E25E6C10D00A2FE44 /* HTTPURLResponse+Status.swift in Sources */ = {isa = PBXBuildFile; fileRef = DA563E9D25E6C10D00A2FE44 /* HTTPURLResponse+Status.swift */; };
		DA563EA825E6C15E00A2FE44 /* Request.swift in Sources */ = {isa = PBXBuildFile; fileRef = DA563EA725E6C15E00A2FE44 /* Request.swift */; };
		DA563EAE25E6C1D200A2FE44 /* TokenRequest.swift in Sources */ = {isa = PBXBuildFile; fileRef = DA563EAD25E6C1D200A2FE44 /* TokenRequest.swift */; };
		DA563EB525E6C2C900A2FE44 /* HTTPClientSpy.swift in Sources */ = {isa = PBXBuildFile; fileRef = DA563EB425E6C2C900A2FE44 /* HTTPClientSpy.swift */; };
		DA563EBF25E6C2F900A2FE44 /* Credentials.swift in Sources */ = {isa = PBXBuildFile; fileRef = DA563EBE25E6C2F900A2FE44 /* Credentials.swift */; };
		DA563EC525E6C34B00A2FE44 /* XCTestCase+Helpers.swift in Sources */ = {isa = PBXBuildFile; fileRef = DA563EC425E6C34B00A2FE44 /* XCTestCase+Helpers.swift */; };
		DA563ECB25E6C40F00A2FE44 /* URLRequest+Basic64EncodedAuthorizationHeader.swift in Sources */ = {isa = PBXBuildFile; fileRef = DA563ECA25E6C40F00A2FE44 /* URLRequest+Basic64EncodedAuthorizationHeader.swift */; };
		DA98712325F2EF40001CB581 /* AlbumsFilter.swift in Sources */ = {isa = PBXBuildFile; fileRef = DA98712225F2EF40001CB581 /* AlbumsFilter.swift */; };
		DA98712925F2EF87001CB581 /* ContentLoadState.swift in Sources */ = {isa = PBXBuildFile; fileRef = DA98712825F2EF87001CB581 /* ContentLoadState.swift */; };
		DA98712F25F2F207001CB581 /* ArtistDetailContentType.swift in Sources */ = {isa = PBXBuildFile; fileRef = DA98712E25F2F207001CB581 /* ArtistDetailContentType.swift */; };
		DA98713D25F2F2DF001CB581 /* AlbumsHeaderCellViewModel.swift in Sources */ = {isa = PBXBuildFile; fileRef = DA98713C25F2F2DF001CB581 /* AlbumsHeaderCellViewModel.swift */; };
		DA98715225F3E05B001CB581 /* UICollectionView+Cells.swift in Sources */ = {isa = PBXBuildFile; fileRef = DA98715125F3E05B001CB581 /* UICollectionView+Cells.swift */; };
		DA98716E25F3EB54001CB581 /* UITableView+Cells.swift in Sources */ = {isa = PBXBuildFile; fileRef = DA98716D25F3EB54001CB581 /* UITableView+Cells.swift */; };
		DA9C397D25EE877100076EBC /* SearchArtistResultCellViewModel.swift in Sources */ = {isa = PBXBuildFile; fileRef = DA9C397C25EE877100076EBC /* SearchArtistResultCellViewModel.swift */; };
		DA9C398325EE9C4400076EBC /* TokenLoaderWithFallback.swift in Sources */ = {isa = PBXBuildFile; fileRef = DA9C398225EE9C4400076EBC /* TokenLoaderWithFallback.swift */; };
		DA9C398B25EE9D5500076EBC /* TokenCache.swift in Sources */ = {isa = PBXBuildFile; fileRef = DA9C398A25EE9D5500076EBC /* TokenCache.swift */; };
		DA9C399525EE9D9600076EBC /* KeychainTokenStore.swift in Sources */ = {isa = PBXBuildFile; fileRef = DA9C399425EE9D9600076EBC /* KeychainTokenStore.swift */; };
		DA9C399B25EE9E4800076EBC /* AuthorizedHTTPClient.swift in Sources */ = {isa = PBXBuildFile; fileRef = DA9C399A25EE9E4800076EBC /* AuthorizedHTTPClient.swift */; };
		DA9C39A125EE9ED700076EBC /* Result+Unauthorized.swift in Sources */ = {isa = PBXBuildFile; fileRef = DA9C39A025EE9ED700076EBC /* Result+Unauthorized.swift */; };
		DAA2916B25ED1EF100B82B14 /* ArtistDetailInfoCell.swift in Sources */ = {isa = PBXBuildFile; fileRef = DAA2916A25ED1EF100B82B14 /* ArtistDetailInfoCell.swift */; };
		DAA2917225ED1FA500B82B14 /* UIView+NSLayoutConstraint.swift in Sources */ = {isa = PBXBuildFile; fileRef = DAA2917125ED1FA500B82B14 /* UIView+NSLayoutConstraint.swift */; };
		DAA2918025ED267300B82B14 /* UICollectionView+Size.swift in Sources */ = {isa = PBXBuildFile; fileRef = DAA2917F25ED267300B82B14 /* UICollectionView+Size.swift */; };
/* End PBXBuildFile section */

/* Begin PBXContainerItemProxy section */
		DA419AA425E685DA002B1782 /* PBXContainerItemProxy */ = {
			isa = PBXContainerItemProxy;
			containerPortal = DA4536B925E2467A0051B93E /* Project object */;
			proxyType = 1;
			remoteGlobalIDString = DA419A9925E685DA002B1782;
			remoteInfo = ArtistBrowser;
		};
		DA419AA625E685DA002B1782 /* PBXContainerItemProxy */ = {
			isa = PBXContainerItemProxy;
			containerPortal = DA4536B925E2467A0051B93E /* Project object */;
			proxyType = 1;
			remoteGlobalIDString = DA4536C025E2467A0051B93E;
			remoteInfo = "lukasbahrle-ios";
		};
		DA419AAD25E685DA002B1782 /* PBXContainerItemProxy */ = {
			isa = PBXContainerItemProxy;
			containerPortal = DA4536B925E2467A0051B93E /* Project object */;
			proxyType = 1;
			remoteGlobalIDString = DA419A9925E685DA002B1782;
			remoteInfo = ArtistBrowser;
		};
		DA4536D825E2467C0051B93E /* PBXContainerItemProxy */ = {
			isa = PBXContainerItemProxy;
			containerPortal = DA4536B925E2467A0051B93E /* Project object */;
			proxyType = 1;
			remoteGlobalIDString = DA4536C025E2467A0051B93E;
			remoteInfo = "lukasbahrle-ios";
		};
		DA4536E325E2467C0051B93E /* PBXContainerItemProxy */ = {
			isa = PBXContainerItemProxy;
			containerPortal = DA4536B925E2467A0051B93E /* Project object */;
			proxyType = 1;
			remoteGlobalIDString = DA4536C025E2467A0051B93E;
			remoteInfo = "lukasbahrle-ios";
		};
/* End PBXContainerItemProxy section */

/* Begin PBXCopyFilesBuildPhase section */
		DA419AB125E685DA002B1782 /* Embed Frameworks */ = {
			isa = PBXCopyFilesBuildPhase;
			buildActionMask = 2147483647;
			dstPath = "";
			dstSubfolderSpec = 10;
			files = (
				DA419AB025E685DA002B1782 /* ArtistBrowser.framework in Embed Frameworks */,
			);
			name = "Embed Frameworks";
			runOnlyForDeploymentPostprocessing = 0;
		};
/* End PBXCopyFilesBuildPhase section */

/* Begin PBXFileReference section */
		DA0D428325E6F41500C90705 /* TokenRequestTests.swift */ = {isa = PBXFileReference; lastKnownFileType = sourcecode.swift; path = TokenRequestTests.swift; sourceTree = "<group>"; };
		DA0D428925E6F61600C90705 /* RemoteSearchArtistLoaderTests.swift */ = {isa = PBXFileReference; lastKnownFileType = sourcecode.swift; path = RemoteSearchArtistLoaderTests.swift; sourceTree = "<group>"; };
		DA0DD34725F139E900CFB922 /* AlbumsHeaderCollectionViewCell.swift */ = {isa = PBXFileReference; lastKnownFileType = sourcecode.swift; path = AlbumsHeaderCollectionViewCell.swift; sourceTree = "<group>"; };
		DA0DD35725F18E5500CFB922 /* Dragable.swift */ = {isa = PBXFileReference; lastKnownFileType = sourcecode.swift; path = Dragable.swift; sourceTree = "<group>"; };
		DA11A9F425E7DF0200968460 /* SearchArtistViewModel.swift */ = {isa = PBXFileReference; lastKnownFileType = sourcecode.swift; path = SearchArtistViewModel.swift; sourceTree = "<group>"; };
		DA11AA0E25E92C2600968460 /* CancellableTask.swift */ = {isa = PBXFileReference; lastKnownFileType = sourcecode.swift; path = CancellableTask.swift; sourceTree = "<group>"; };
		DA18FB1525E9AD9E000E9656 /* LoadingTableViewCell.swift */ = {isa = PBXFileReference; lastKnownFileType = sourcecode.swift; path = LoadingTableViewCell.swift; sourceTree = "<group>"; };
		DA18FB1B25EA235B000E9656 /* ErrorTableViewCell.swift */ = {isa = PBXFileReference; lastKnownFileType = sourcecode.swift; path = ErrorTableViewCell.swift; sourceTree = "<group>"; };
		DA18FB2525EA3049000E9656 /* UIComposer.swift */ = {isa = PBXFileReference; lastKnownFileType = sourcecode.swift; path = UIComposer.swift; sourceTree = "<group>"; };
		DA18FB3825EA4ACB000E9656 /* ArtistDetailViewController.swift */ = {isa = PBXFileReference; lastKnownFileType = sourcecode.swift; path = ArtistDetailViewController.swift; sourceTree = "<group>"; };
		DA18FB4A25EA5940000E9656 /* ArtistDetailViewModel.swift */ = {isa = PBXFileReference; lastKnownFileType = sourcecode.swift; path = ArtistDetailViewModel.swift; sourceTree = "<group>"; };
		DA18FB6E25EAB3D0000E9656 /* AlbumViewCell.swift */ = {isa = PBXFileReference; lastKnownFileType = sourcecode.swift; path = AlbumViewCell.swift; sourceTree = "<group>"; };
		DA2DBBB825EEE44D005103BB /* ArtistInfoCellViewModel.swift */ = {isa = PBXFileReference; lastKnownFileType = sourcecode.swift; path = ArtistInfoCellViewModel.swift; sourceTree = "<group>"; };
		DA2DBBBE25EEE48B005103BB /* AlbumsDatesFilterCellViewModel.swift */ = {isa = PBXFileReference; lastKnownFileType = sourcecode.swift; path = AlbumsDatesFilterCellViewModel.swift; sourceTree = "<group>"; };
		DA2DBBC425EEE4B9005103BB /* AlbumCellViewModel.swift */ = {isa = PBXFileReference; lastKnownFileType = sourcecode.swift; path = AlbumCellViewModel.swift; sourceTree = "<group>"; };
		DA2DBBCB25EF5DF4005103BB /* Observable.swift */ = {isa = PBXFileReference; lastKnownFileType = sourcecode.swift; path = Observable.swift; sourceTree = "<group>"; };
		DA2DBBD225EF5E68005103BB /* ImageStateObservable.swift */ = {isa = PBXFileReference; lastKnownFileType = sourcecode.swift; path = ImageStateObservable.swift; sourceTree = "<group>"; };
		DA32CE3E25EB766D00A294CC /* LoadingView.swift */ = {isa = PBXFileReference; lastKnownFileType = sourcecode.swift; path = LoadingView.swift; sourceTree = "<group>"; };
		DA32CE4425EB785400A294CC /* LoadingCollectionViewCell.swift */ = {isa = PBXFileReference; lastKnownFileType = sourcecode.swift; path = LoadingCollectionViewCell.swift; sourceTree = "<group>"; };
		DA32CE4E25EBA3B400A294CC /* ArtistDetailViewController+DragDrop.swift */ = {isa = PBXFileReference; lastKnownFileType = sourcecode.swift; path = "ArtistDetailViewController+DragDrop.swift"; sourceTree = "<group>"; };
		DA32CE5425EBA4EA00A294CC /* ArtistDetailViewController+Layout.swift */ = {isa = PBXFileReference; lastKnownFileType = sourcecode.swift; path = "ArtistDetailViewController+Layout.swift"; sourceTree = "<group>"; };
		DA32CE5B25EBA8F200A294CC /* RemoteAlbumsMapper.swift */ = {isa = PBXFileReference; lastKnownFileType = sourcecode.swift; path = RemoteAlbumsMapper.swift; sourceTree = "<group>"; };
		DA32CE6F25EBBC0600A294CC /* AlbumsLoader.swift */ = {isa = PBXFileReference; lastKnownFileType = sourcecode.swift; path = AlbumsLoader.swift; sourceTree = "<group>"; };
		DA32CE7525EBBC4400A294CC /* RemoteAlbumsLoader.swift */ = {isa = PBXFileReference; lastKnownFileType = sourcecode.swift; path = RemoteAlbumsLoader.swift; sourceTree = "<group>"; };
		DA32CE8A25EBE2D000A294CC /* TestCollectionCell.swift */ = {isa = PBXFileReference; lastKnownFileType = sourcecode.swift; path = TestCollectionCell.swift; sourceTree = "<group>"; };
		DA32CE9025EBEBFC00A294CC /* AlbumsDatesCollectionViewCell.swift */ = {isa = PBXFileReference; lastKnownFileType = sourcecode.swift; path = AlbumsDatesCollectionViewCell.swift; sourceTree = "<group>"; };
		DA32CE9625EC0BC100A294CC /* DateFormatter+yyyyMMdd.swift */ = {isa = PBXFileReference; lastKnownFileType = sourcecode.swift; path = "DateFormatter+yyyyMMdd.swift"; sourceTree = "<group>"; };
		DA419A9A25E685DA002B1782 /* ArtistBrowser.framework */ = {isa = PBXFileReference; explicitFileType = wrapper.framework; includeInIndex = 0; path = ArtistBrowser.framework; sourceTree = BUILT_PRODUCTS_DIR; };
		DA419A9C25E685DA002B1782 /* ArtistBrowser.h */ = {isa = PBXFileReference; lastKnownFileType = sourcecode.c.h; path = ArtistBrowser.h; sourceTree = "<group>"; };
		DA419A9D25E685DA002B1782 /* Info.plist */ = {isa = PBXFileReference; lastKnownFileType = text.plist.xml; path = Info.plist; sourceTree = "<group>"; };
		DA419AA225E685DA002B1782 /* ArtistBrowserTests.xctest */ = {isa = PBXFileReference; explicitFileType = wrapper.cfbundle; includeInIndex = 0; path = ArtistBrowserTests.xctest; sourceTree = BUILT_PRODUCTS_DIR; };
		DA419AAB25E685DA002B1782 /* Info.plist */ = {isa = PBXFileReference; lastKnownFileType = text.plist.xml; path = Info.plist; sourceTree = "<group>"; };
		DA419ABD25E68737002B1782 /* HTTPClient.swift */ = {isa = PBXFileReference; lastKnownFileType = sourcecode.swift; path = HTTPClient.swift; sourceTree = "<group>"; };
		DA419AC825E68792002B1782 /* URLSessionHTTPClient.swift */ = {isa = PBXFileReference; lastKnownFileType = sourcecode.swift; path = URLSessionHTTPClient.swift; sourceTree = "<group>"; };
		DA419AD225E688A9002B1782 /* ArtistBrowserTests-Bridging-Header.h */ = {isa = PBXFileReference; lastKnownFileType = sourcecode.c.h; path = "ArtistBrowserTests-Bridging-Header.h"; sourceTree = "<group>"; };
		DA419AD325E688A9002B1782 /* LoadTokenFromRemoteTests.swift */ = {isa = PBXFileReference; lastKnownFileType = sourcecode.swift; path = LoadTokenFromRemoteTests.swift; sourceTree = "<group>"; };
		DA419ADA25E691E4002B1782 /* search.json */ = {isa = PBXFileReference; fileEncoding = 4; lastKnownFileType = text.json; path = search.json; sourceTree = "<group>"; };
		DA419ADB25E691E4002B1782 /* token.json */ = {isa = PBXFileReference; fileEncoding = 4; lastKnownFileType = text.json; path = token.json; sourceTree = "<group>"; };
		DA419ADC25E691E4002B1782 /* albums.json */ = {isa = PBXFileReference; fileEncoding = 4; lastKnownFileType = text.json; path = albums.json; sourceTree = "<group>"; };
		DA43F15925E9694100BC09DB /* ImageDataLoader.swift */ = {isa = PBXFileReference; lastKnownFileType = sourcecode.swift; path = ImageDataLoader.swift; sourceTree = "<group>"; };
		DA43F16025E96BE800BC09DB /* ArtistBrowser.storyboard */ = {isa = PBXFileReference; lastKnownFileType = file.storyboard; path = ArtistBrowser.storyboard; sourceTree = "<group>"; };
		DA43F16825E96C4200BC09DB /* ArtistBrowserViewController.swift */ = {isa = PBXFileReference; lastKnownFileType = sourcecode.swift; path = ArtistBrowserViewController.swift; sourceTree = "<group>"; };
		DA43F16E25E96DC900BC09DB /* ArtistSearchResultCell.swift */ = {isa = PBXFileReference; lastKnownFileType = sourcecode.swift; path = ArtistSearchResultCell.swift; sourceTree = "<group>"; };
		DA4536C125E2467A0051B93E /* lukasbahrle-ios.app */ = {isa = PBXFileReference; explicitFileType = wrapper.application; includeInIndex = 0; path = "lukasbahrle-ios.app"; sourceTree = BUILT_PRODUCTS_DIR; };
		DA4536C425E2467A0051B93E /* AppDelegate.swift */ = {isa = PBXFileReference; lastKnownFileType = sourcecode.swift; path = AppDelegate.swift; sourceTree = "<group>"; };
		DA4536C625E2467A0051B93E /* SceneDelegate.swift */ = {isa = PBXFileReference; lastKnownFileType = sourcecode.swift; path = SceneDelegate.swift; sourceTree = "<group>"; };
		DA4536CD25E2467C0051B93E /* Assets.xcassets */ = {isa = PBXFileReference; lastKnownFileType = folder.assetcatalog; path = Assets.xcassets; sourceTree = "<group>"; };
		DA4536D025E2467C0051B93E /* Base */ = {isa = PBXFileReference; lastKnownFileType = file.storyboard; name = Base; path = Base.lproj/LaunchScreen.storyboard; sourceTree = "<group>"; };
		DA4536D225E2467C0051B93E /* Info.plist */ = {isa = PBXFileReference; lastKnownFileType = text.plist.xml; path = Info.plist; sourceTree = "<group>"; };
		DA4536D725E2467C0051B93E /* lukasbahrle-iosTests.xctest */ = {isa = PBXFileReference; explicitFileType = wrapper.cfbundle; includeInIndex = 0; path = "lukasbahrle-iosTests.xctest"; sourceTree = BUILT_PRODUCTS_DIR; };
		DA4536DB25E2467C0051B93E /* lukasbahrle_iosTests.swift */ = {isa = PBXFileReference; lastKnownFileType = sourcecode.swift; path = lukasbahrle_iosTests.swift; sourceTree = "<group>"; };
		DA4536DD25E2467C0051B93E /* Info.plist */ = {isa = PBXFileReference; lastKnownFileType = text.plist.xml; path = Info.plist; sourceTree = "<group>"; };
		DA4536E225E2467C0051B93E /* lukasbahrle-iosUITests.xctest */ = {isa = PBXFileReference; explicitFileType = wrapper.cfbundle; includeInIndex = 0; path = "lukasbahrle-iosUITests.xctest"; sourceTree = BUILT_PRODUCTS_DIR; };
		DA4536E625E2467C0051B93E /* lukasbahrle_iosUITests.swift */ = {isa = PBXFileReference; lastKnownFileType = sourcecode.swift; path = lukasbahrle_iosUITests.swift; sourceTree = "<group>"; };
		DA4536E825E2467C0051B93E /* Info.plist */ = {isa = PBXFileReference; lastKnownFileType = text.plist.xml; path = Info.plist; sourceTree = "<group>"; };
		DA4717D025E70DBE00A02AF5 /* RemoteSearchArtistLoader.swift */ = {isa = PBXFileReference; lastKnownFileType = sourcecode.swift; path = RemoteSearchArtistLoader.swift; sourceTree = "<group>"; };
		DA4717DA25E70DFC00A02AF5 /* SearchArtistLoader.swift */ = {isa = PBXFileReference; lastKnownFileType = sourcecode.swift; path = SearchArtistLoader.swift; sourceTree = "<group>"; };
		DA4717E025E70E1900A02AF5 /* RemoteSearchArtistMapper.swift */ = {isa = PBXFileReference; lastKnownFileType = sourcecode.swift; path = RemoteSearchArtistMapper.swift; sourceTree = "<group>"; };
		DA563E8725E6BFB300A2FE44 /* RemoteTokenLoader.swift */ = {isa = PBXFileReference; lastKnownFileType = sourcecode.swift; path = RemoteTokenLoader.swift; sourceTree = "<group>"; };
		DA563E8F25E6C01000A2FE44 /* TokenLoader.swift */ = {isa = PBXFileReference; lastKnownFileType = sourcecode.swift; path = TokenLoader.swift; sourceTree = "<group>"; };
		DA563E9525E6C06400A2FE44 /* RemoteTokenMapper.swift */ = {isa = PBXFileReference; lastKnownFileType = sourcecode.swift; path = RemoteTokenMapper.swift; sourceTree = "<group>"; };
		DA563E9D25E6C10D00A2FE44 /* HTTPURLResponse+Status.swift */ = {isa = PBXFileReference; lastKnownFileType = sourcecode.swift; path = "HTTPURLResponse+Status.swift"; sourceTree = "<group>"; };
		DA563EA725E6C15E00A2FE44 /* Request.swift */ = {isa = PBXFileReference; lastKnownFileType = sourcecode.swift; path = Request.swift; sourceTree = "<group>"; };
		DA563EAD25E6C1D200A2FE44 /* TokenRequest.swift */ = {isa = PBXFileReference; lastKnownFileType = sourcecode.swift; path = TokenRequest.swift; sourceTree = "<group>"; };
		DA563EB425E6C2C900A2FE44 /* HTTPClientSpy.swift */ = {isa = PBXFileReference; lastKnownFileType = sourcecode.swift; path = HTTPClientSpy.swift; sourceTree = "<group>"; };
		DA563EBE25E6C2F900A2FE44 /* Credentials.swift */ = {isa = PBXFileReference; lastKnownFileType = sourcecode.swift; path = Credentials.swift; sourceTree = "<group>"; };
		DA563EC425E6C34B00A2FE44 /* XCTestCase+Helpers.swift */ = {isa = PBXFileReference; lastKnownFileType = sourcecode.swift; path = "XCTestCase+Helpers.swift"; sourceTree = "<group>"; };
		DA563ECA25E6C40F00A2FE44 /* URLRequest+Basic64EncodedAuthorizationHeader.swift */ = {isa = PBXFileReference; lastKnownFileType = sourcecode.swift; path = "URLRequest+Basic64EncodedAuthorizationHeader.swift"; sourceTree = "<group>"; };
		DA98712225F2EF40001CB581 /* AlbumsFilter.swift */ = {isa = PBXFileReference; lastKnownFileType = sourcecode.swift; path = AlbumsFilter.swift; sourceTree = "<group>"; };
		DA98712825F2EF87001CB581 /* ContentLoadState.swift */ = {isa = PBXFileReference; lastKnownFileType = sourcecode.swift; path = ContentLoadState.swift; sourceTree = "<group>"; };
		DA98712E25F2F207001CB581 /* ArtistDetailContentType.swift */ = {isa = PBXFileReference; lastKnownFileType = sourcecode.swift; path = ArtistDetailContentType.swift; sourceTree = "<group>"; };
		DA98713C25F2F2DF001CB581 /* AlbumsHeaderCellViewModel.swift */ = {isa = PBXFileReference; fileEncoding = 4; lastKnownFileType = sourcecode.swift; path = AlbumsHeaderCellViewModel.swift; sourceTree = "<group>"; };
		DA98715125F3E05B001CB581 /* UICollectionView+Cells.swift */ = {isa = PBXFileReference; lastKnownFileType = sourcecode.swift; path = "UICollectionView+Cells.swift"; sourceTree = "<group>"; };
		DA98716D25F3EB54001CB581 /* UITableView+Cells.swift */ = {isa = PBXFileReference; lastKnownFileType = sourcecode.swift; path = "UITableView+Cells.swift"; sourceTree = "<group>"; };
		DA9C397C25EE877100076EBC /* SearchArtistResultCellViewModel.swift */ = {isa = PBXFileReference; lastKnownFileType = sourcecode.swift; path = SearchArtistResultCellViewModel.swift; sourceTree = "<group>"; };
		DA9C398225EE9C4400076EBC /* TokenLoaderWithFallback.swift */ = {isa = PBXFileReference; lastKnownFileType = sourcecode.swift; path = TokenLoaderWithFallback.swift; sourceTree = "<group>"; };
		DA9C398A25EE9D5500076EBC /* TokenCache.swift */ = {isa = PBXFileReference; lastKnownFileType = sourcecode.swift; path = TokenCache.swift; sourceTree = "<group>"; };
		DA9C399425EE9D9600076EBC /* KeychainTokenStore.swift */ = {isa = PBXFileReference; lastKnownFileType = sourcecode.swift; path = KeychainTokenStore.swift; sourceTree = "<group>"; };
		DA9C399A25EE9E4800076EBC /* AuthorizedHTTPClient.swift */ = {isa = PBXFileReference; lastKnownFileType = sourcecode.swift; path = AuthorizedHTTPClient.swift; sourceTree = "<group>"; };
		DA9C39A025EE9ED700076EBC /* Result+Unauthorized.swift */ = {isa = PBXFileReference; lastKnownFileType = sourcecode.swift; path = "Result+Unauthorized.swift"; sourceTree = "<group>"; };
		DAA2916A25ED1EF100B82B14 /* ArtistDetailInfoCell.swift */ = {isa = PBXFileReference; lastKnownFileType = sourcecode.swift; path = ArtistDetailInfoCell.swift; sourceTree = "<group>"; };
		DAA2917125ED1FA500B82B14 /* UIView+NSLayoutConstraint.swift */ = {isa = PBXFileReference; lastKnownFileType = sourcecode.swift; path = "UIView+NSLayoutConstraint.swift"; sourceTree = "<group>"; };
		DAA2917F25ED267300B82B14 /* UICollectionView+Size.swift */ = {isa = PBXFileReference; lastKnownFileType = sourcecode.swift; path = "UICollectionView+Size.swift"; sourceTree = "<group>"; };
/* End PBXFileReference section */

/* Begin PBXFrameworksBuildPhase section */
		DA419A9725E685DA002B1782 /* Frameworks */ = {
			isa = PBXFrameworksBuildPhase;
			buildActionMask = 2147483647;
			files = (
			);
			runOnlyForDeploymentPostprocessing = 0;
		};
		DA419A9F25E685DA002B1782 /* Frameworks */ = {
			isa = PBXFrameworksBuildPhase;
			buildActionMask = 2147483647;
			files = (
				DA419AA325E685DA002B1782 /* ArtistBrowser.framework in Frameworks */,
			);
			runOnlyForDeploymentPostprocessing = 0;
		};
		DA4536BE25E2467A0051B93E /* Frameworks */ = {
			isa = PBXFrameworksBuildPhase;
			buildActionMask = 2147483647;
			files = (
				DA419AAF25E685DA002B1782 /* ArtistBrowser.framework in Frameworks */,
			);
			runOnlyForDeploymentPostprocessing = 0;
		};
		DA4536D425E2467C0051B93E /* Frameworks */ = {
			isa = PBXFrameworksBuildPhase;
			buildActionMask = 2147483647;
			files = (
			);
			runOnlyForDeploymentPostprocessing = 0;
		};
		DA4536DF25E2467C0051B93E /* Frameworks */ = {
			isa = PBXFrameworksBuildPhase;
			buildActionMask = 2147483647;
			files = (
			);
			runOnlyForDeploymentPostprocessing = 0;
		};
/* End PBXFrameworksBuildPhase section */

/* Begin PBXGroup section */
		DA11A9E525E7DC4700968460 /* Presentation */ = {
			isa = PBXGroup;
			children = (
				DA2DBBCA25EF5DE7005103BB /* Helpers */,
				DA2DBBD125EF5E2D005103BB /* Shared */,
				DA18FB4825EA590E000E9656 /* Search Artist */,
				DA18FB4925EA5920000E9656 /* Artist Detail */,
			);
			path = Presentation;
			sourceTree = "<group>";
		};
		DA18FB3025EA3EFF000E9656 /* Search Artist */ = {
			isa = PBXGroup;
			children = (
				DA43F16725E96C1200BC09DB /* Controllers */,
				DA43F16625E96C0800BC09DB /* Views */,
			);
			path = "Search Artist";
			sourceTree = "<group>";
		};
		DA18FB3125EA3F11000E9656 /* Artist Detail */ = {
			isa = PBXGroup;
			children = (
				DA18FB3625EA4A0F000E9656 /* Controllers */,
				DA18FB3725EA4A17000E9656 /* Views */,
			);
			path = "Artist Detail";
			sourceTree = "<group>";
		};
		DA18FB3625EA4A0F000E9656 /* Controllers */ = {
			isa = PBXGroup;
			children = (
				DA98716025F3E0FD001CB581 /* Layout */,
				DA98715B25F3E0E5001CB581 /* DragDrop */,
				DA18FB3825EA4ACB000E9656 /* ArtistDetailViewController.swift */,
			);
			path = Controllers;
			sourceTree = "<group>";
		};
		DA18FB3725EA4A17000E9656 /* Views */ = {
			isa = PBXGroup;
			children = (
				DA18FB6E25EAB3D0000E9656 /* AlbumViewCell.swift */,
				DA32CE4425EB785400A294CC /* LoadingCollectionViewCell.swift */,
				DA32CE8A25EBE2D000A294CC /* TestCollectionCell.swift */,
				DA32CE9025EBEBFC00A294CC /* AlbumsDatesCollectionViewCell.swift */,
				DAA2916A25ED1EF100B82B14 /* ArtistDetailInfoCell.swift */,
				DA0DD34725F139E900CFB922 /* AlbumsHeaderCollectionViewCell.swift */,
			);
			path = Views;
			sourceTree = "<group>";
		};
		DA18FB4825EA590E000E9656 /* Search Artist */ = {
			isa = PBXGroup;
			children = (
				DA98714725F2F89E001CB581 /* Cells */,
				DA11A9F425E7DF0200968460 /* SearchArtistViewModel.swift */,
			);
			path = "Search Artist";
			sourceTree = "<group>";
		};
		DA18FB4925EA5920000E9656 /* Artist Detail */ = {
			isa = PBXGroup;
			children = (
				DA98714625F2F880001CB581 /* Cells */,
				DA98712E25F2F207001CB581 /* ArtistDetailContentType.swift */,
				DA98712225F2EF40001CB581 /* AlbumsFilter.swift */,
				DA18FB4A25EA5940000E9656 /* ArtistDetailViewModel.swift */,
			);
			path = "Artist Detail";
			sourceTree = "<group>";
		};
		DA2DBBCA25EF5DE7005103BB /* Helpers */ = {
			isa = PBXGroup;
			children = (
				DA2DBBCB25EF5DF4005103BB /* Observable.swift */,
			);
			path = Helpers;
			sourceTree = "<group>";
		};
		DA2DBBD125EF5E2D005103BB /* Shared */ = {
			isa = PBXGroup;
			children = (
				DA2DBBD225EF5E68005103BB /* ImageStateObservable.swift */,
				DA98712825F2EF87001CB581 /* ContentLoadState.swift */,
			);
			path = Shared;
			sourceTree = "<group>";
		};
		DA32CE3D25EB75B800A294CC /* Shared */ = {
			isa = PBXGroup;
			children = (
				DA32CE3E25EB766D00A294CC /* LoadingView.swift */,
				DA0DD35725F18E5500CFB922 /* Dragable.swift */,
			);
			path = Shared;
			sourceTree = "<group>";
		};
		DA32CE5A25EBA8B400A294CC /* Albums */ = {
			isa = PBXGroup;
			children = (
				DA32CE5B25EBA8F200A294CC /* RemoteAlbumsMapper.swift */,
				DA32CE7525EBBC4400A294CC /* RemoteAlbumsLoader.swift */,
				DA32CE6F25EBBC0600A294CC /* AlbumsLoader.swift */,
			);
			path = Albums;
			sourceTree = "<group>";
		};
		DA419A9B25E685DA002B1782 /* ArtistBrowser */ = {
			isa = PBXGroup;
			children = (
				DA563E9B25E6C09E00A2FE44 /* Helpers */,
				DA11A9E525E7DC4700968460 /* Presentation */,
				DA9C398825EE9CE800076EBC /* Cache */,
				DA419AC325E6873D002B1782 /* API */,
				DA419A9C25E685DA002B1782 /* ArtistBrowser.h */,
				DA419A9D25E685DA002B1782 /* Info.plist */,
			);
			path = ArtistBrowser;
			sourceTree = "<group>";
		};
		DA419AA825E685DA002B1782 /* ArtistBrowserTests */ = {
			isa = PBXGroup;
			children = (
				DA563EB325E6C2C000A2FE44 /* Helpers */,
				DA419AAB25E685DA002B1782 /* Info.plist */,
				DA419AD325E688A9002B1782 /* LoadTokenFromRemoteTests.swift */,
				DA0D428925E6F61600C90705 /* RemoteSearchArtistLoaderTests.swift */,
				DA419AD225E688A9002B1782 /* ArtistBrowserTests-Bridging-Header.h */,
				DA0D428325E6F41500C90705 /* TokenRequestTests.swift */,
			);
			path = ArtistBrowserTests;
			sourceTree = "<group>";
		};
		DA419ABC25E68717002B1782 /* Shared */ = {
			isa = PBXGroup;
			children = (
				DA419ABD25E68737002B1782 /* HTTPClient.swift */,
				DA419AC825E68792002B1782 /* URLSessionHTTPClient.swift */,
				DA563EA725E6C15E00A2FE44 /* Request.swift */,
				DA11AA0E25E92C2600968460 /* CancellableTask.swift */,
				DA43F15925E9694100BC09DB /* ImageDataLoader.swift */,
				DA9C399A25EE9E4800076EBC /* AuthorizedHTTPClient.swift */,
			);
			path = Shared;
			sourceTree = "<group>";
		};
		DA419AC325E6873D002B1782 /* API */ = {
			isa = PBXGroup;
			children = (
				DA563E9C25E6C0BC00A2FE44 /* Helpers */,
				DA4717CF25E70D9D00A02AF5 /* Search Artist */,
				DA32CE5A25EBA8B400A294CC /* Albums */,
				DA563E8D25E6BFEE00A2FE44 /* Token */,
				DA419AD925E691C4002B1782 /* Sample responses */,
				DA419ABC25E68717002B1782 /* Shared */,
				DA563EBE25E6C2F900A2FE44 /* Credentials.swift */,
			);
			path = API;
			sourceTree = "<group>";
		};
		DA419AD925E691C4002B1782 /* Sample responses */ = {
			isa = PBXGroup;
			children = (
				DA419ADC25E691E4002B1782 /* albums.json */,
				DA419ADA25E691E4002B1782 /* search.json */,
				DA419ADB25E691E4002B1782 /* token.json */,
			);
			path = "Sample responses";
			sourceTree = "<group>";
		};
		DA43F15F25E96BA100BC09DB /* UI */ = {
			isa = PBXGroup;
			children = (
				DAA2917025ED1F9700B82B14 /* Helpers */,
				DA32CE3D25EB75B800A294CC /* Shared */,
				DA18FB3025EA3EFF000E9656 /* Search Artist */,
				DA18FB3125EA3F11000E9656 /* Artist Detail */,
			);
			path = UI;
			sourceTree = "<group>";
		};
		DA43F16625E96C0800BC09DB /* Views */ = {
			isa = PBXGroup;
			children = (
				DA43F16025E96BE800BC09DB /* ArtistBrowser.storyboard */,
				DA43F16E25E96DC900BC09DB /* ArtistSearchResultCell.swift */,
				DA18FB1525E9AD9E000E9656 /* LoadingTableViewCell.swift */,
				DA18FB1B25EA235B000E9656 /* ErrorTableViewCell.swift */,
			);
			path = Views;
			sourceTree = "<group>";
		};
		DA43F16725E96C1200BC09DB /* Controllers */ = {
			isa = PBXGroup;
			children = (
				DA43F16825E96C4200BC09DB /* ArtistBrowserViewController.swift */,
			);
			path = Controllers;
			sourceTree = "<group>";
		};
		DA4536B825E2467A0051B93E = {
			isa = PBXGroup;
			children = (
				DA4536C325E2467A0051B93E /* lukasbahrle-ios */,
				DA4536DA25E2467C0051B93E /* lukasbahrle-iosTests */,
				DA4536E525E2467C0051B93E /* lukasbahrle-iosUITests */,
				DA419A9B25E685DA002B1782 /* ArtistBrowser */,
				DA419AA825E685DA002B1782 /* ArtistBrowserTests */,
				DA4536C225E2467A0051B93E /* Products */,
			);
			sourceTree = "<group>";
		};
		DA4536C225E2467A0051B93E /* Products */ = {
			isa = PBXGroup;
			children = (
				DA4536C125E2467A0051B93E /* lukasbahrle-ios.app */,
				DA4536D725E2467C0051B93E /* lukasbahrle-iosTests.xctest */,
				DA4536E225E2467C0051B93E /* lukasbahrle-iosUITests.xctest */,
				DA419A9A25E685DA002B1782 /* ArtistBrowser.framework */,
				DA419AA225E685DA002B1782 /* ArtistBrowserTests.xctest */,
			);
			name = Products;
			sourceTree = "<group>";
		};
		DA4536C325E2467A0051B93E /* lukasbahrle-ios */ = {
			isa = PBXGroup;
			children = (
				DA43F15F25E96BA100BC09DB /* UI */,
				DA4536C425E2467A0051B93E /* AppDelegate.swift */,
				DA4536C625E2467A0051B93E /* SceneDelegate.swift */,
				DA18FB2525EA3049000E9656 /* UIComposer.swift */,
				DA4536CD25E2467C0051B93E /* Assets.xcassets */,
				DA4536CF25E2467C0051B93E /* LaunchScreen.storyboard */,
				DA4536D225E2467C0051B93E /* Info.plist */,
			);
			path = "lukasbahrle-ios";
			sourceTree = "<group>";
		};
		DA4536DA25E2467C0051B93E /* lukasbahrle-iosTests */ = {
			isa = PBXGroup;
			children = (
				DA4536DB25E2467C0051B93E /* lukasbahrle_iosTests.swift */,
				DA4536DD25E2467C0051B93E /* Info.plist */,
			);
			path = "lukasbahrle-iosTests";
			sourceTree = "<group>";
		};
		DA4536E525E2467C0051B93E /* lukasbahrle-iosUITests */ = {
			isa = PBXGroup;
			children = (
				DA4536E625E2467C0051B93E /* lukasbahrle_iosUITests.swift */,
				DA4536E825E2467C0051B93E /* Info.plist */,
			);
			path = "lukasbahrle-iosUITests";
			sourceTree = "<group>";
		};
		DA4717CF25E70D9D00A02AF5 /* Search Artist */ = {
			isa = PBXGroup;
			children = (
				DA4717DA25E70DFC00A02AF5 /* SearchArtistLoader.swift */,
				DA4717D025E70DBE00A02AF5 /* RemoteSearchArtistLoader.swift */,
				DA4717E025E70E1900A02AF5 /* RemoteSearchArtistMapper.swift */,
			);
			path = "Search Artist";
			sourceTree = "<group>";
		};
		DA563E8D25E6BFEE00A2FE44 /* Token */ = {
			isa = PBXGroup;
			children = (
				DA563E8F25E6C01000A2FE44 /* TokenLoader.swift */,
				DA563E8725E6BFB300A2FE44 /* RemoteTokenLoader.swift */,
				DA563E9525E6C06400A2FE44 /* RemoteTokenMapper.swift */,
				DA563EAD25E6C1D200A2FE44 /* TokenRequest.swift */,
				DA9C398225EE9C4400076EBC /* TokenLoaderWithFallback.swift */,
			);
			path = Token;
			sourceTree = "<group>";
		};
		DA563E9B25E6C09E00A2FE44 /* Helpers */ = {
			isa = PBXGroup;
			children = (
			);
			path = Helpers;
			sourceTree = "<group>";
		};
		DA563E9C25E6C0BC00A2FE44 /* Helpers */ = {
			isa = PBXGroup;
			children = (
				DA563E9D25E6C10D00A2FE44 /* HTTPURLResponse+Status.swift */,
				DA563ECA25E6C40F00A2FE44 /* URLRequest+Basic64EncodedAuthorizationHeader.swift */,
				DA32CE9625EC0BC100A294CC /* DateFormatter+yyyyMMdd.swift */,
				DA9C39A025EE9ED700076EBC /* Result+Unauthorized.swift */,
			);
			path = Helpers;
			sourceTree = "<group>";
		};
		DA563EB325E6C2C000A2FE44 /* Helpers */ = {
			isa = PBXGroup;
			children = (
				DA563EB425E6C2C900A2FE44 /* HTTPClientSpy.swift */,
				DA563EC425E6C34B00A2FE44 /* XCTestCase+Helpers.swift */,
			);
			path = Helpers;
			sourceTree = "<group>";
		};
		DA98714625F2F880001CB581 /* Cells */ = {
			isa = PBXGroup;
			children = (
				DA2DBBB825EEE44D005103BB /* ArtistInfoCellViewModel.swift */,
				DA98713C25F2F2DF001CB581 /* AlbumsHeaderCellViewModel.swift */,
				DA2DBBBE25EEE48B005103BB /* AlbumsDatesFilterCellViewModel.swift */,
				DA2DBBC425EEE4B9005103BB /* AlbumCellViewModel.swift */,
			);
			path = Cells;
			sourceTree = "<group>";
		};
		DA98714725F2F89E001CB581 /* Cells */ = {
			isa = PBXGroup;
			children = (
				DA9C397C25EE877100076EBC /* SearchArtistResultCellViewModel.swift */,
			);
			path = Cells;
			sourceTree = "<group>";
		};
		DA98715B25F3E0E5001CB581 /* DragDrop */ = {
			isa = PBXGroup;
			children = (
				DA32CE4E25EBA3B400A294CC /* ArtistDetailViewController+DragDrop.swift */,
			);
			path = DragDrop;
			sourceTree = "<group>";
		};
		DA98716025F3E0FD001CB581 /* Layout */ = {
			isa = PBXGroup;
			children = (
				DA32CE5425EBA4EA00A294CC /* ArtistDetailViewController+Layout.swift */,
			);
			path = Layout;
			sourceTree = "<group>";
		};
		DA9C398825EE9CE800076EBC /* Cache */ = {
			isa = PBXGroup;
			children = (
				DA9C398925EE9CF500076EBC /* Token */,
			);
			path = Cache;
			sourceTree = "<group>";
		};
		DA9C398925EE9CF500076EBC /* Token */ = {
			isa = PBXGroup;
			children = (
				DA9C398A25EE9D5500076EBC /* TokenCache.swift */,
				DA9C399425EE9D9600076EBC /* KeychainTokenStore.swift */,
			);
			path = Token;
			sourceTree = "<group>";
		};
		DAA2917025ED1F9700B82B14 /* Helpers */ = {
			isa = PBXGroup;
			children = (
				DAA2917125ED1FA500B82B14 /* UIView+NSLayoutConstraint.swift */,
				DAA2917F25ED267300B82B14 /* UICollectionView+Size.swift */,
				DA98715125F3E05B001CB581 /* UICollectionView+Cells.swift */,
				DA98716D25F3EB54001CB581 /* UITableView+Cells.swift */,
			);
			path = Helpers;
			sourceTree = "<group>";
		};
/* End PBXGroup section */

/* Begin PBXHeadersBuildPhase section */
		DA419A9525E685DA002B1782 /* Headers */ = {
			isa = PBXHeadersBuildPhase;
			buildActionMask = 2147483647;
			files = (
				DA419AAC25E685DA002B1782 /* ArtistBrowser.h in Headers */,
			);
			runOnlyForDeploymentPostprocessing = 0;
		};
/* End PBXHeadersBuildPhase section */

/* Begin PBXNativeTarget section */
		DA419A9925E685DA002B1782 /* ArtistBrowser */ = {
			isa = PBXNativeTarget;
			buildConfigurationList = DA419AB625E685DA002B1782 /* Build configuration list for PBXNativeTarget "ArtistBrowser" */;
			buildPhases = (
				DA419A9525E685DA002B1782 /* Headers */,
				DA419A9625E685DA002B1782 /* Sources */,
				DA419A9725E685DA002B1782 /* Frameworks */,
				DA419A9825E685DA002B1782 /* Resources */,
			);
			buildRules = (
			);
			dependencies = (
			);
			name = ArtistBrowser;
			productName = ArtistBrowser;
			productReference = DA419A9A25E685DA002B1782 /* ArtistBrowser.framework */;
			productType = "com.apple.product-type.framework";
		};
		DA419AA125E685DA002B1782 /* ArtistBrowserTests */ = {
			isa = PBXNativeTarget;
			buildConfigurationList = DA419AB725E685DA002B1782 /* Build configuration list for PBXNativeTarget "ArtistBrowserTests" */;
			buildPhases = (
				DA419A9E25E685DA002B1782 /* Sources */,
				DA419A9F25E685DA002B1782 /* Frameworks */,
				DA419AA025E685DA002B1782 /* Resources */,
			);
			buildRules = (
			);
			dependencies = (
				DA419AA525E685DA002B1782 /* PBXTargetDependency */,
				DA419AA725E685DA002B1782 /* PBXTargetDependency */,
			);
			name = ArtistBrowserTests;
			productName = ArtistBrowserTests;
			productReference = DA419AA225E685DA002B1782 /* ArtistBrowserTests.xctest */;
			productType = "com.apple.product-type.bundle.unit-test";
		};
		DA4536C025E2467A0051B93E /* lukasbahrle-ios */ = {
			isa = PBXNativeTarget;
			buildConfigurationList = DA4536EB25E2467C0051B93E /* Build configuration list for PBXNativeTarget "lukasbahrle-ios" */;
			buildPhases = (
				DA4536BD25E2467A0051B93E /* Sources */,
				DA4536BE25E2467A0051B93E /* Frameworks */,
				DA4536BF25E2467A0051B93E /* Resources */,
				DA419AB125E685DA002B1782 /* Embed Frameworks */,
			);
			buildRules = (
			);
			dependencies = (
				DA419AAE25E685DA002B1782 /* PBXTargetDependency */,
			);
			name = "lukasbahrle-ios";
			productName = "lukasbahrle-ios";
			productReference = DA4536C125E2467A0051B93E /* lukasbahrle-ios.app */;
			productType = "com.apple.product-type.application";
		};
		DA4536D625E2467C0051B93E /* lukasbahrle-iosTests */ = {
			isa = PBXNativeTarget;
			buildConfigurationList = DA4536EE25E2467C0051B93E /* Build configuration list for PBXNativeTarget "lukasbahrle-iosTests" */;
			buildPhases = (
				DA4536D325E2467C0051B93E /* Sources */,
				DA4536D425E2467C0051B93E /* Frameworks */,
				DA4536D525E2467C0051B93E /* Resources */,
			);
			buildRules = (
			);
			dependencies = (
				DA4536D925E2467C0051B93E /* PBXTargetDependency */,
			);
			name = "lukasbahrle-iosTests";
			productName = "lukasbahrle-iosTests";
			productReference = DA4536D725E2467C0051B93E /* lukasbahrle-iosTests.xctest */;
			productType = "com.apple.product-type.bundle.unit-test";
		};
		DA4536E125E2467C0051B93E /* lukasbahrle-iosUITests */ = {
			isa = PBXNativeTarget;
			buildConfigurationList = DA4536F125E2467C0051B93E /* Build configuration list for PBXNativeTarget "lukasbahrle-iosUITests" */;
			buildPhases = (
				DA4536DE25E2467C0051B93E /* Sources */,
				DA4536DF25E2467C0051B93E /* Frameworks */,
				DA4536E025E2467C0051B93E /* Resources */,
			);
			buildRules = (
			);
			dependencies = (
				DA4536E425E2467C0051B93E /* PBXTargetDependency */,
			);
			name = "lukasbahrle-iosUITests";
			productName = "lukasbahrle-iosUITests";
			productReference = DA4536E225E2467C0051B93E /* lukasbahrle-iosUITests.xctest */;
			productType = "com.apple.product-type.bundle.ui-testing";
		};
/* End PBXNativeTarget section */

/* Begin PBXProject section */
		DA4536B925E2467A0051B93E /* Project object */ = {
			isa = PBXProject;
			attributes = {
				LastSwiftUpdateCheck = 1230;
				LastUpgradeCheck = 1230;
				TargetAttributes = {
					DA419A9925E685DA002B1782 = {
						CreatedOnToolsVersion = 12.3;
						LastSwiftMigration = 1230;
					};
					DA419AA125E685DA002B1782 = {
						CreatedOnToolsVersion = 12.3;
						LastSwiftMigration = 1230;
						TestTargetID = DA4536C025E2467A0051B93E;
					};
					DA4536C025E2467A0051B93E = {
						CreatedOnToolsVersion = 12.3;
					};
					DA4536D625E2467C0051B93E = {
						CreatedOnToolsVersion = 12.3;
						TestTargetID = DA4536C025E2467A0051B93E;
					};
					DA4536E125E2467C0051B93E = {
						CreatedOnToolsVersion = 12.3;
						TestTargetID = DA4536C025E2467A0051B93E;
					};
				};
			};
			buildConfigurationList = DA4536BC25E2467A0051B93E /* Build configuration list for PBXProject "lukasbahrle-ios" */;
			compatibilityVersion = "Xcode 9.3";
			developmentRegion = en;
			hasScannedForEncodings = 0;
			knownRegions = (
				en,
				Base,
			);
			mainGroup = DA4536B825E2467A0051B93E;
			productRefGroup = DA4536C225E2467A0051B93E /* Products */;
			projectDirPath = "";
			projectRoot = "";
			targets = (
				DA4536C025E2467A0051B93E /* lukasbahrle-ios */,
				DA4536D625E2467C0051B93E /* lukasbahrle-iosTests */,
				DA4536E125E2467C0051B93E /* lukasbahrle-iosUITests */,
				DA419A9925E685DA002B1782 /* ArtistBrowser */,
				DA419AA125E685DA002B1782 /* ArtistBrowserTests */,
			);
		};
/* End PBXProject section */

/* Begin PBXResourcesBuildPhase section */
		DA419A9825E685DA002B1782 /* Resources */ = {
			isa = PBXResourcesBuildPhase;
			buildActionMask = 2147483647;
			files = (
				DA419ADF25E691E4002B1782 /* albums.json in Resources */,
				DA419ADD25E691E4002B1782 /* search.json in Resources */,
				DA419ADE25E691E4002B1782 /* token.json in Resources */,
			);
			runOnlyForDeploymentPostprocessing = 0;
		};
		DA419AA025E685DA002B1782 /* Resources */ = {
			isa = PBXResourcesBuildPhase;
			buildActionMask = 2147483647;
			files = (
			);
			runOnlyForDeploymentPostprocessing = 0;
		};
		DA4536BF25E2467A0051B93E /* Resources */ = {
			isa = PBXResourcesBuildPhase;
			buildActionMask = 2147483647;
			files = (
				DA4536D125E2467C0051B93E /* LaunchScreen.storyboard in Resources */,
				DA4536CE25E2467C0051B93E /* Assets.xcassets in Resources */,
				DA43F16125E96BE800BC09DB /* ArtistBrowser.storyboard in Resources */,
			);
			runOnlyForDeploymentPostprocessing = 0;
		};
		DA4536D525E2467C0051B93E /* Resources */ = {
			isa = PBXResourcesBuildPhase;
			buildActionMask = 2147483647;
			files = (
			);
			runOnlyForDeploymentPostprocessing = 0;
		};
		DA4536E025E2467C0051B93E /* Resources */ = {
			isa = PBXResourcesBuildPhase;
			buildActionMask = 2147483647;
			files = (
			);
			runOnlyForDeploymentPostprocessing = 0;
		};
/* End PBXResourcesBuildPhase section */

/* Begin PBXSourcesBuildPhase section */
		DA419A9625E685DA002B1782 /* Sources */ = {
			isa = PBXSourcesBuildPhase;
			buildActionMask = 2147483647;
			files = (
				DA9C398B25EE9D5500076EBC /* TokenCache.swift in Sources */,
				DA563E9E25E6C10D00A2FE44 /* HTTPURLResponse+Status.swift in Sources */,
				DA11A9F525E7DF0200968460 /* SearchArtistViewModel.swift in Sources */,
				DA2DBBBF25EEE48B005103BB /* AlbumsDatesFilterCellViewModel.swift in Sources */,
				DA563E9625E6C06400A2FE44 /* RemoteTokenMapper.swift in Sources */,
				DA11AA0F25E92C2600968460 /* CancellableTask.swift in Sources */,
				DA98712F25F2F207001CB581 /* ArtistDetailContentType.swift in Sources */,
				DA9C399B25EE9E4800076EBC /* AuthorizedHTTPClient.swift in Sources */,
				DA9C397D25EE877100076EBC /* SearchArtistResultCellViewModel.swift in Sources */,
				DA2DBBB925EEE44D005103BB /* ArtistInfoCellViewModel.swift in Sources */,
				DA43F15A25E9694100BC09DB /* ImageDataLoader.swift in Sources */,
				DA563ECB25E6C40F00A2FE44 /* URLRequest+Basic64EncodedAuthorizationHeader.swift in Sources */,
				DA32CE7025EBBC0600A294CC /* AlbumsLoader.swift in Sources */,
				DA4717D125E70DBE00A02AF5 /* RemoteSearchArtistLoader.swift in Sources */,
				DA563E9025E6C01000A2FE44 /* TokenLoader.swift in Sources */,
				DA563EBF25E6C2F900A2FE44 /* Credentials.swift in Sources */,
				DA419ABE25E68737002B1782 /* HTTPClient.swift in Sources */,
				DA4717DB25E70DFC00A02AF5 /* SearchArtistLoader.swift in Sources */,
				DA18FB4B25EA5940000E9656 /* ArtistDetailViewModel.swift in Sources */,
				DA32CE9725EC0BC100A294CC /* DateFormatter+yyyyMMdd.swift in Sources */,
				DA563EA825E6C15E00A2FE44 /* Request.swift in Sources */,
				DA98712325F2EF40001CB581 /* AlbumsFilter.swift in Sources */,
				DA98712925F2EF87001CB581 /* ContentLoadState.swift in Sources */,
				DA32CE7625EBBC4400A294CC /* RemoteAlbumsLoader.swift in Sources */,
				DA563E8825E6BFB300A2FE44 /* RemoteTokenLoader.swift in Sources */,
				DA32CE5C25EBA8F200A294CC /* RemoteAlbumsMapper.swift in Sources */,
				DA4717E125E70E1900A02AF5 /* RemoteSearchArtistMapper.swift in Sources */,
				DA98713D25F2F2DF001CB581 /* AlbumsHeaderCellViewModel.swift in Sources */,
				DA419AC925E68792002B1782 /* URLSessionHTTPClient.swift in Sources */,
				DA563EAE25E6C1D200A2FE44 /* TokenRequest.swift in Sources */,
				DA9C399525EE9D9600076EBC /* KeychainTokenStore.swift in Sources */,
				DA2DBBCC25EF5DF4005103BB /* Observable.swift in Sources */,
				DA9C39A125EE9ED700076EBC /* Result+Unauthorized.swift in Sources */,
				DA2DBBC525EEE4B9005103BB /* AlbumCellViewModel.swift in Sources */,
				DA2DBBD325EF5E68005103BB /* ImageStateObservable.swift in Sources */,
				DA9C398325EE9C4400076EBC /* TokenLoaderWithFallback.swift in Sources */,
			);
			runOnlyForDeploymentPostprocessing = 0;
		};
		DA419A9E25E685DA002B1782 /* Sources */ = {
			isa = PBXSourcesBuildPhase;
			buildActionMask = 2147483647;
			files = (
				DA0D428A25E6F61600C90705 /* RemoteSearchArtistLoaderTests.swift in Sources */,
				DA563EC525E6C34B00A2FE44 /* XCTestCase+Helpers.swift in Sources */,
				DA419AD425E688A9002B1782 /* LoadTokenFromRemoteTests.swift in Sources */,
				DA0D428425E6F41500C90705 /* TokenRequestTests.swift in Sources */,
				DA563EB525E6C2C900A2FE44 /* HTTPClientSpy.swift in Sources */,
			);
			runOnlyForDeploymentPostprocessing = 0;
		};
		DA4536BD25E2467A0051B93E /* Sources */ = {
			isa = PBXSourcesBuildPhase;
			buildActionMask = 2147483647;
			files = (
				DA32CE8B25EBE2D000A294CC /* TestCollectionCell.swift in Sources */,
				DA32CE5525EBA4EA00A294CC /* ArtistDetailViewController+Layout.swift in Sources */,
				DA18FB3925EA4ACB000E9656 /* ArtistDetailViewController.swift in Sources */,
				DA32CE4F25EBA3B400A294CC /* ArtistDetailViewController+DragDrop.swift in Sources */,
				DA18FB6F25EAB3D0000E9656 /* AlbumViewCell.swift in Sources */,
				DA0DD35825F18E5500CFB922 /* Dragable.swift in Sources */,
				DA43F16F25E96DC900BC09DB /* ArtistSearchResultCell.swift in Sources */,
				DAA2916B25ED1EF100B82B14 /* ArtistDetailInfoCell.swift in Sources */,
				DA18FB2625EA3049000E9656 /* UIComposer.swift in Sources */,
				DA32CE3F25EB766D00A294CC /* LoadingView.swift in Sources */,
				DA0DD34825F139E900CFB922 /* AlbumsHeaderCollectionViewCell.swift in Sources */,
				DA18FB1625E9AD9E000E9656 /* LoadingTableViewCell.swift in Sources */,
				DA4536C525E2467A0051B93E /* AppDelegate.swift in Sources */,
				DA98715225F3E05B001CB581 /* UICollectionView+Cells.swift in Sources */,
				DAA2918025ED267300B82B14 /* UICollectionView+Size.swift in Sources */,
				DA32CE9125EBEBFC00A294CC /* AlbumsDatesCollectionViewCell.swift in Sources */,
				DAA2917225ED1FA500B82B14 /* UIView+NSLayoutConstraint.swift in Sources */,
				DA98716E25F3EB54001CB581 /* UITableView+Cells.swift in Sources */,
				DA18FB1C25EA235B000E9656 /* ErrorTableViewCell.swift in Sources */,
				DA43F16925E96C4200BC09DB /* ArtistBrowserViewController.swift in Sources */,
				DA4536C725E2467A0051B93E /* SceneDelegate.swift in Sources */,
				DA32CE4525EB785400A294CC /* LoadingCollectionViewCell.swift in Sources */,
			);
			runOnlyForDeploymentPostprocessing = 0;
		};
		DA4536D325E2467C0051B93E /* Sources */ = {
			isa = PBXSourcesBuildPhase;
			buildActionMask = 2147483647;
			files = (
				DA4536DC25E2467C0051B93E /* lukasbahrle_iosTests.swift in Sources */,
			);
			runOnlyForDeploymentPostprocessing = 0;
		};
		DA4536DE25E2467C0051B93E /* Sources */ = {
			isa = PBXSourcesBuildPhase;
			buildActionMask = 2147483647;
			files = (
				DA4536E725E2467C0051B93E /* lukasbahrle_iosUITests.swift in Sources */,
			);
			runOnlyForDeploymentPostprocessing = 0;
		};
/* End PBXSourcesBuildPhase section */

/* Begin PBXTargetDependency section */
		DA419AA525E685DA002B1782 /* PBXTargetDependency */ = {
			isa = PBXTargetDependency;
			target = DA419A9925E685DA002B1782 /* ArtistBrowser */;
			targetProxy = DA419AA425E685DA002B1782 /* PBXContainerItemProxy */;
		};
		DA419AA725E685DA002B1782 /* PBXTargetDependency */ = {
			isa = PBXTargetDependency;
			target = DA4536C025E2467A0051B93E /* lukasbahrle-ios */;
			targetProxy = DA419AA625E685DA002B1782 /* PBXContainerItemProxy */;
		};
		DA419AAE25E685DA002B1782 /* PBXTargetDependency */ = {
			isa = PBXTargetDependency;
			target = DA419A9925E685DA002B1782 /* ArtistBrowser */;
			targetProxy = DA419AAD25E685DA002B1782 /* PBXContainerItemProxy */;
		};
		DA4536D925E2467C0051B93E /* PBXTargetDependency */ = {
			isa = PBXTargetDependency;
			target = DA4536C025E2467A0051B93E /* lukasbahrle-ios */;
			targetProxy = DA4536D825E2467C0051B93E /* PBXContainerItemProxy */;
		};
		DA4536E425E2467C0051B93E /* PBXTargetDependency */ = {
			isa = PBXTargetDependency;
			target = DA4536C025E2467A0051B93E /* lukasbahrle-ios */;
			targetProxy = DA4536E325E2467C0051B93E /* PBXContainerItemProxy */;
		};
/* End PBXTargetDependency section */

/* Begin PBXVariantGroup section */
		DA4536CF25E2467C0051B93E /* LaunchScreen.storyboard */ = {
			isa = PBXVariantGroup;
			children = (
				DA4536D025E2467C0051B93E /* Base */,
			);
			name = LaunchScreen.storyboard;
			sourceTree = "<group>";
		};
/* End PBXVariantGroup section */

/* Begin XCBuildConfiguration section */
		DA419AB225E685DA002B1782 /* Debug */ = {
			isa = XCBuildConfiguration;
			buildSettings = {
				CLANG_ENABLE_MODULES = YES;
				CODE_SIGN_STYLE = Automatic;
				CURRENT_PROJECT_VERSION = 1;
				DEFINES_MODULE = YES;
				DEVELOPMENT_TEAM = HKA5LU2QKN;
				DYLIB_COMPATIBILITY_VERSION = 1;
				DYLIB_CURRENT_VERSION = 1;
				DYLIB_INSTALL_NAME_BASE = "@rpath";
				INFOPLIST_FILE = ArtistBrowser/Info.plist;
				INSTALL_PATH = "$(LOCAL_LIBRARY_DIR)/Frameworks";
				LD_RUNPATH_SEARCH_PATHS = (
					"$(inherited)",
					"@executable_path/Frameworks",
					"@loader_path/Frameworks",
				);
				PRODUCT_BUNDLE_IDENTIFIER = com.lukasbahrle.ArtistBrowser;
				PRODUCT_NAME = "$(TARGET_NAME:c99extidentifier)";
				SKIP_INSTALL = YES;
				SWIFT_OPTIMIZATION_LEVEL = "-Onone";
				SWIFT_VERSION = 5.0;
				TARGETED_DEVICE_FAMILY = "1,2";
				VERSIONING_SYSTEM = "apple-generic";
				VERSION_INFO_PREFIX = "";
			};
			name = Debug;
		};
		DA419AB325E685DA002B1782 /* Release */ = {
			isa = XCBuildConfiguration;
			buildSettings = {
				CLANG_ENABLE_MODULES = YES;
				CODE_SIGN_STYLE = Automatic;
				CURRENT_PROJECT_VERSION = 1;
				DEFINES_MODULE = YES;
				DEVELOPMENT_TEAM = HKA5LU2QKN;
				DYLIB_COMPATIBILITY_VERSION = 1;
				DYLIB_CURRENT_VERSION = 1;
				DYLIB_INSTALL_NAME_BASE = "@rpath";
				INFOPLIST_FILE = ArtistBrowser/Info.plist;
				INSTALL_PATH = "$(LOCAL_LIBRARY_DIR)/Frameworks";
				LD_RUNPATH_SEARCH_PATHS = (
					"$(inherited)",
					"@executable_path/Frameworks",
					"@loader_path/Frameworks",
				);
				PRODUCT_BUNDLE_IDENTIFIER = com.lukasbahrle.ArtistBrowser;
				PRODUCT_NAME = "$(TARGET_NAME:c99extidentifier)";
				SKIP_INSTALL = YES;
				SWIFT_VERSION = 5.0;
				TARGETED_DEVICE_FAMILY = "1,2";
				VERSIONING_SYSTEM = "apple-generic";
				VERSION_INFO_PREFIX = "";
			};
			name = Release;
		};
		DA419AB425E685DA002B1782 /* Debug */ = {
			isa = XCBuildConfiguration;
			buildSettings = {
				ALWAYS_EMBED_SWIFT_STANDARD_LIBRARIES = YES;
				CLANG_ENABLE_MODULES = YES;
				CODE_SIGN_STYLE = Automatic;
				DEVELOPMENT_TEAM = HKA5LU2QKN;
				INFOPLIST_FILE = ArtistBrowserTests/Info.plist;
				LD_RUNPATH_SEARCH_PATHS = (
					"$(inherited)",
					"@executable_path/Frameworks",
					"@loader_path/Frameworks",
				);
				PRODUCT_BUNDLE_IDENTIFIER = com.lukasbahrle.ArtistBrowserTests;
				PRODUCT_NAME = "$(TARGET_NAME)";
				SWIFT_OBJC_BRIDGING_HEADER = "ArtistBrowserTests/ArtistBrowserTests-Bridging-Header.h";
				SWIFT_OPTIMIZATION_LEVEL = "-Onone";
				SWIFT_VERSION = 5.0;
				TARGETED_DEVICE_FAMILY = "1,2";
				TEST_HOST = "$(BUILT_PRODUCTS_DIR)/lukasbahrle-ios.app/lukasbahrle-ios";
			};
			name = Debug;
		};
		DA419AB525E685DA002B1782 /* Release */ = {
			isa = XCBuildConfiguration;
			buildSettings = {
				ALWAYS_EMBED_SWIFT_STANDARD_LIBRARIES = YES;
				CLANG_ENABLE_MODULES = YES;
				CODE_SIGN_STYLE = Automatic;
				DEVELOPMENT_TEAM = HKA5LU2QKN;
				INFOPLIST_FILE = ArtistBrowserTests/Info.plist;
				LD_RUNPATH_SEARCH_PATHS = (
					"$(inherited)",
					"@executable_path/Frameworks",
					"@loader_path/Frameworks",
				);
				PRODUCT_BUNDLE_IDENTIFIER = com.lukasbahrle.ArtistBrowserTests;
				PRODUCT_NAME = "$(TARGET_NAME)";
				SWIFT_OBJC_BRIDGING_HEADER = "ArtistBrowserTests/ArtistBrowserTests-Bridging-Header.h";
				SWIFT_VERSION = 5.0;
				TARGETED_DEVICE_FAMILY = "1,2";
				TEST_HOST = "$(BUILT_PRODUCTS_DIR)/lukasbahrle-ios.app/lukasbahrle-ios";
			};
			name = Release;
		};
		DA4536E925E2467C0051B93E /* Debug */ = {
			isa = XCBuildConfiguration;
			buildSettings = {
				ALWAYS_SEARCH_USER_PATHS = NO;
				CLANG_ANALYZER_NONNULL = YES;
				CLANG_ANALYZER_NUMBER_OBJECT_CONVERSION = YES_AGGRESSIVE;
				CLANG_CXX_LANGUAGE_STANDARD = "gnu++14";
				CLANG_CXX_LIBRARY = "libc++";
				CLANG_ENABLE_MODULES = YES;
				CLANG_ENABLE_OBJC_ARC = YES;
				CLANG_ENABLE_OBJC_WEAK = YES;
				CLANG_WARN_BLOCK_CAPTURE_AUTORELEASING = YES;
				CLANG_WARN_BOOL_CONVERSION = YES;
				CLANG_WARN_COMMA = YES;
				CLANG_WARN_CONSTANT_CONVERSION = YES;
				CLANG_WARN_DEPRECATED_OBJC_IMPLEMENTATIONS = YES;
				CLANG_WARN_DIRECT_OBJC_ISA_USAGE = YES_ERROR;
				CLANG_WARN_DOCUMENTATION_COMMENTS = YES;
				CLANG_WARN_EMPTY_BODY = YES;
				CLANG_WARN_ENUM_CONVERSION = YES;
				CLANG_WARN_INFINITE_RECURSION = YES;
				CLANG_WARN_INT_CONVERSION = YES;
				CLANG_WARN_NON_LITERAL_NULL_CONVERSION = YES;
				CLANG_WARN_OBJC_IMPLICIT_RETAIN_SELF = YES;
				CLANG_WARN_OBJC_LITERAL_CONVERSION = YES;
				CLANG_WARN_OBJC_ROOT_CLASS = YES_ERROR;
				CLANG_WARN_QUOTED_INCLUDE_IN_FRAMEWORK_HEADER = YES;
				CLANG_WARN_RANGE_LOOP_ANALYSIS = YES;
				CLANG_WARN_STRICT_PROTOTYPES = YES;
				CLANG_WARN_SUSPICIOUS_MOVE = YES;
				CLANG_WARN_UNGUARDED_AVAILABILITY = YES_AGGRESSIVE;
				CLANG_WARN_UNREACHABLE_CODE = YES;
				CLANG_WARN__DUPLICATE_METHOD_MATCH = YES;
				COPY_PHASE_STRIP = NO;
				DEBUG_INFORMATION_FORMAT = dwarf;
				ENABLE_STRICT_OBJC_MSGSEND = YES;
				ENABLE_TESTABILITY = YES;
				GCC_C_LANGUAGE_STANDARD = gnu11;
				GCC_DYNAMIC_NO_PIC = NO;
				GCC_NO_COMMON_BLOCKS = YES;
				GCC_OPTIMIZATION_LEVEL = 0;
				GCC_PREPROCESSOR_DEFINITIONS = (
					"DEBUG=1",
					"$(inherited)",
				);
				GCC_WARN_64_TO_32_BIT_CONVERSION = YES;
				GCC_WARN_ABOUT_RETURN_TYPE = YES_ERROR;
				GCC_WARN_UNDECLARED_SELECTOR = YES;
				GCC_WARN_UNINITIALIZED_AUTOS = YES_AGGRESSIVE;
				GCC_WARN_UNUSED_FUNCTION = YES;
				GCC_WARN_UNUSED_VARIABLE = YES;
				IPHONEOS_DEPLOYMENT_TARGET = 12.0;
				MTL_ENABLE_DEBUG_INFO = INCLUDE_SOURCE;
				MTL_FAST_MATH = YES;
				ONLY_ACTIVE_ARCH = YES;
				SDKROOT = iphoneos;
				SWIFT_ACTIVE_COMPILATION_CONDITIONS = DEBUG;
				SWIFT_OPTIMIZATION_LEVEL = "-Onone";
			};
			name = Debug;
		};
		DA4536EA25E2467C0051B93E /* Release */ = {
			isa = XCBuildConfiguration;
			buildSettings = {
				ALWAYS_SEARCH_USER_PATHS = NO;
				CLANG_ANALYZER_NONNULL = YES;
				CLANG_ANALYZER_NUMBER_OBJECT_CONVERSION = YES_AGGRESSIVE;
				CLANG_CXX_LANGUAGE_STANDARD = "gnu++14";
				CLANG_CXX_LIBRARY = "libc++";
				CLANG_ENABLE_MODULES = YES;
				CLANG_ENABLE_OBJC_ARC = YES;
				CLANG_ENABLE_OBJC_WEAK = YES;
				CLANG_WARN_BLOCK_CAPTURE_AUTORELEASING = YES;
				CLANG_WARN_BOOL_CONVERSION = YES;
				CLANG_WARN_COMMA = YES;
				CLANG_WARN_CONSTANT_CONVERSION = YES;
				CLANG_WARN_DEPRECATED_OBJC_IMPLEMENTATIONS = YES;
				CLANG_WARN_DIRECT_OBJC_ISA_USAGE = YES_ERROR;
				CLANG_WARN_DOCUMENTATION_COMMENTS = YES;
				CLANG_WARN_EMPTY_BODY = YES;
				CLANG_WARN_ENUM_CONVERSION = YES;
				CLANG_WARN_INFINITE_RECURSION = YES;
				CLANG_WARN_INT_CONVERSION = YES;
				CLANG_WARN_NON_LITERAL_NULL_CONVERSION = YES;
				CLANG_WARN_OBJC_IMPLICIT_RETAIN_SELF = YES;
				CLANG_WARN_OBJC_LITERAL_CONVERSION = YES;
				CLANG_WARN_OBJC_ROOT_CLASS = YES_ERROR;
				CLANG_WARN_QUOTED_INCLUDE_IN_FRAMEWORK_HEADER = YES;
				CLANG_WARN_RANGE_LOOP_ANALYSIS = YES;
				CLANG_WARN_STRICT_PROTOTYPES = YES;
				CLANG_WARN_SUSPICIOUS_MOVE = YES;
				CLANG_WARN_UNGUARDED_AVAILABILITY = YES_AGGRESSIVE;
				CLANG_WARN_UNREACHABLE_CODE = YES;
				CLANG_WARN__DUPLICATE_METHOD_MATCH = YES;
				COPY_PHASE_STRIP = NO;
				DEBUG_INFORMATION_FORMAT = "dwarf-with-dsym";
				ENABLE_NS_ASSERTIONS = NO;
				ENABLE_STRICT_OBJC_MSGSEND = YES;
				GCC_C_LANGUAGE_STANDARD = gnu11;
				GCC_NO_COMMON_BLOCKS = YES;
				GCC_WARN_64_TO_32_BIT_CONVERSION = YES;
				GCC_WARN_ABOUT_RETURN_TYPE = YES_ERROR;
				GCC_WARN_UNDECLARED_SELECTOR = YES;
				GCC_WARN_UNINITIALIZED_AUTOS = YES_AGGRESSIVE;
				GCC_WARN_UNUSED_FUNCTION = YES;
				GCC_WARN_UNUSED_VARIABLE = YES;
				IPHONEOS_DEPLOYMENT_TARGET = 12.0;
				MTL_ENABLE_DEBUG_INFO = NO;
				MTL_FAST_MATH = YES;
				SDKROOT = iphoneos;
				SWIFT_COMPILATION_MODE = wholemodule;
				SWIFT_OPTIMIZATION_LEVEL = "-O";
				VALIDATE_PRODUCT = YES;
			};
			name = Release;
		};
		DA4536EC25E2467C0051B93E /* Debug */ = {
			isa = XCBuildConfiguration;
			buildSettings = {
				ALWAYS_EMBED_SWIFT_STANDARD_LIBRARIES = YES;
				ASSETCATALOG_COMPILER_APPICON_NAME = AppIcon;
				ASSETCATALOG_COMPILER_GLOBAL_ACCENT_COLOR_NAME = AccentColor;
				CODE_SIGN_STYLE = Automatic;
				DEVELOPMENT_TEAM = HKA5LU2QKN;
				INFOPLIST_FILE = "lukasbahrle-ios/Info.plist";
				LD_RUNPATH_SEARCH_PATHS = (
					"$(inherited)",
					"@executable_path/Frameworks",
				);
				PRODUCT_BUNDLE_IDENTIFIER = "com.lukasbahrle.lukasbahrle-ios";
				PRODUCT_NAME = "$(TARGET_NAME)";
				SWIFT_VERSION = 5.0;
				TARGETED_DEVICE_FAMILY = "1,2";
			};
			name = Debug;
		};
		DA4536ED25E2467C0051B93E /* Release */ = {
			isa = XCBuildConfiguration;
			buildSettings = {
				ALWAYS_EMBED_SWIFT_STANDARD_LIBRARIES = YES;
				ASSETCATALOG_COMPILER_APPICON_NAME = AppIcon;
				ASSETCATALOG_COMPILER_GLOBAL_ACCENT_COLOR_NAME = AccentColor;
				CODE_SIGN_STYLE = Automatic;
				DEVELOPMENT_TEAM = HKA5LU2QKN;
				INFOPLIST_FILE = "lukasbahrle-ios/Info.plist";
				LD_RUNPATH_SEARCH_PATHS = (
					"$(inherited)",
					"@executable_path/Frameworks",
				);
				PRODUCT_BUNDLE_IDENTIFIER = "com.lukasbahrle.lukasbahrle-ios";
				PRODUCT_NAME = "$(TARGET_NAME)";
				SWIFT_VERSION = 5.0;
				TARGETED_DEVICE_FAMILY = "1,2";
			};
			name = Release;
		};
		DA4536EF25E2467C0051B93E /* Debug */ = {
			isa = XCBuildConfiguration;
			buildSettings = {
				ALWAYS_EMBED_SWIFT_STANDARD_LIBRARIES = YES;
				BUNDLE_LOADER = "$(TEST_HOST)";
				CODE_SIGN_STYLE = Automatic;
				DEVELOPMENT_TEAM = HKA5LU2QKN;
				INFOPLIST_FILE = "lukasbahrle-iosTests/Info.plist";
				IPHONEOS_DEPLOYMENT_TARGET = 14.3;
				LD_RUNPATH_SEARCH_PATHS = (
					"$(inherited)",
					"@executable_path/Frameworks",
					"@loader_path/Frameworks",
				);
				PRODUCT_BUNDLE_IDENTIFIER = "com.lukasbahrle.lukasbahrle-iosTests";
				PRODUCT_NAME = "$(TARGET_NAME)";
				SWIFT_VERSION = 5.0;
				TARGETED_DEVICE_FAMILY = "1,2";
				TEST_HOST = "$(BUILT_PRODUCTS_DIR)/lukasbahrle-ios.app/lukasbahrle-ios";
			};
			name = Debug;
		};
		DA4536F025E2467C0051B93E /* Release */ = {
			isa = XCBuildConfiguration;
			buildSettings = {
				ALWAYS_EMBED_SWIFT_STANDARD_LIBRARIES = YES;
				BUNDLE_LOADER = "$(TEST_HOST)";
				CODE_SIGN_STYLE = Automatic;
				DEVELOPMENT_TEAM = HKA5LU2QKN;
				INFOPLIST_FILE = "lukasbahrle-iosTests/Info.plist";
				IPHONEOS_DEPLOYMENT_TARGET = 14.3;
				LD_RUNPATH_SEARCH_PATHS = (
					"$(inherited)",
					"@executable_path/Frameworks",
					"@loader_path/Frameworks",
				);
				PRODUCT_BUNDLE_IDENTIFIER = "com.lukasbahrle.lukasbahrle-iosTests";
				PRODUCT_NAME = "$(TARGET_NAME)";
				SWIFT_VERSION = 5.0;
				TARGETED_DEVICE_FAMILY = "1,2";
				TEST_HOST = "$(BUILT_PRODUCTS_DIR)/lukasbahrle-ios.app/lukasbahrle-ios";
			};
			name = Release;
		};
		DA4536F225E2467C0051B93E /* Debug */ = {
			isa = XCBuildConfiguration;
			buildSettings = {
				ALWAYS_EMBED_SWIFT_STANDARD_LIBRARIES = YES;
				CODE_SIGN_STYLE = Automatic;
				DEVELOPMENT_TEAM = HKA5LU2QKN;
				INFOPLIST_FILE = "lukasbahrle-iosUITests/Info.plist";
				LD_RUNPATH_SEARCH_PATHS = (
					"$(inherited)",
					"@executable_path/Frameworks",
					"@loader_path/Frameworks",
				);
				PRODUCT_BUNDLE_IDENTIFIER = "com.lukasbahrle.lukasbahrle-iosUITests";
				PRODUCT_NAME = "$(TARGET_NAME)";
				SWIFT_VERSION = 5.0;
				TARGETED_DEVICE_FAMILY = "1,2";
				TEST_TARGET_NAME = "lukasbahrle-ios";
			};
			name = Debug;
		};
		DA4536F325E2467C0051B93E /* Release */ = {
			isa = XCBuildConfiguration;
			buildSettings = {
				ALWAYS_EMBED_SWIFT_STANDARD_LIBRARIES = YES;
				CODE_SIGN_STYLE = Automatic;
				DEVELOPMENT_TEAM = HKA5LU2QKN;
				INFOPLIST_FILE = "lukasbahrle-iosUITests/Info.plist";
				LD_RUNPATH_SEARCH_PATHS = (
					"$(inherited)",
					"@executable_path/Frameworks",
					"@loader_path/Frameworks",
				);
				PRODUCT_BUNDLE_IDENTIFIER = "com.lukasbahrle.lukasbahrle-iosUITests";
				PRODUCT_NAME = "$(TARGET_NAME)";
				SWIFT_VERSION = 5.0;
				TARGETED_DEVICE_FAMILY = "1,2";
				TEST_TARGET_NAME = "lukasbahrle-ios";
			};
			name = Release;
		};
/* End XCBuildConfiguration section */

/* Begin XCConfigurationList section */
		DA419AB625E685DA002B1782 /* Build configuration list for PBXNativeTarget "ArtistBrowser" */ = {
			isa = XCConfigurationList;
			buildConfigurations = (
				DA419AB225E685DA002B1782 /* Debug */,
				DA419AB325E685DA002B1782 /* Release */,
			);
			defaultConfigurationIsVisible = 0;
			defaultConfigurationName = Release;
		};
		DA419AB725E685DA002B1782 /* Build configuration list for PBXNativeTarget "ArtistBrowserTests" */ = {
			isa = XCConfigurationList;
			buildConfigurations = (
				DA419AB425E685DA002B1782 /* Debug */,
				DA419AB525E685DA002B1782 /* Release */,
			);
			defaultConfigurationIsVisible = 0;
			defaultConfigurationName = Release;
		};
		DA4536BC25E2467A0051B93E /* Build configuration list for PBXProject "lukasbahrle-ios" */ = {
			isa = XCConfigurationList;
			buildConfigurations = (
				DA4536E925E2467C0051B93E /* Debug */,
				DA4536EA25E2467C0051B93E /* Release */,
			);
			defaultConfigurationIsVisible = 0;
			defaultConfigurationName = Release;
		};
		DA4536EB25E2467C0051B93E /* Build configuration list for PBXNativeTarget "lukasbahrle-ios" */ = {
			isa = XCConfigurationList;
			buildConfigurations = (
				DA4536EC25E2467C0051B93E /* Debug */,
				DA4536ED25E2467C0051B93E /* Release */,
			);
			defaultConfigurationIsVisible = 0;
			defaultConfigurationName = Release;
		};
		DA4536EE25E2467C0051B93E /* Build configuration list for PBXNativeTarget "lukasbahrle-iosTests" */ = {
			isa = XCConfigurationList;
			buildConfigurations = (
				DA4536EF25E2467C0051B93E /* Debug */,
				DA4536F025E2467C0051B93E /* Release */,
			);
			defaultConfigurationIsVisible = 0;
			defaultConfigurationName = Release;
		};
		DA4536F125E2467C0051B93E /* Build configuration list for PBXNativeTarget "lukasbahrle-iosUITests" */ = {
			isa = XCConfigurationList;
			buildConfigurations = (
				DA4536F225E2467C0051B93E /* Debug */,
				DA4536F325E2467C0051B93E /* Release */,
			);
			defaultConfigurationIsVisible = 0;
			defaultConfigurationName = Release;
		};
/* End XCConfigurationList section */
	};
	rootObject = DA4536B925E2467A0051B93E /* Project object */;
}
